
Microsoft Visual Studio Solution File, Format Version 12.00
# Visual Studio Version 17
VisualStudioVersion = 17.4.33103.184
MinimumVisualStudioVersion = 10.0.40219.1
Project("{FAE04EC0-301F-11D3-BF4B-00C04F79EFBC}") = "PGToolsApp", "PGToolsApp\PGToolsApp.csproj", "{6609426E-2DB9-4220-8EF3-0E53F091DEAA}"
EndProject
Project("{9A19103F-16F7-4668-BE54-9A1E7A4F7556}") = "PGToolsTestSpace", "PGToolsTestSpace\PGToolsTestSpace.csproj", "{B99C26C3-6B75-4BE8-A2BD-3A33F59741D0}"
EndProject
Global
	GlobalSection(SolutionConfigurationPlatforms) = preSolution
		Debug|Any CPU = Debug|Any CPU
		Release|Any CPU = Release|Any CPU
	EndGlobalSection
	GlobalSection(ProjectConfigurationPlatforms) = postSolution
		{6609426E-2DB9-4220-8EF3-0E53F091DEAA}.Debug|Any CPU.ActiveCfg = Debug|Any CPU
		{6609426E-2DB9-4220-8EF3-0E53F091DEAA}.Debug|Any CPU.Build.0 = Debug|Any CPU
		{6609426E-2DB9-4220-8EF3-0E53F091DEAA}.Release|Any CPU.ActiveCfg = Release|Any CPU
		{6609426E-2DB9-4220-8EF3-0E53F091DEAA}.Release|Any CPU.Build.0 = Release|Any CPU
		{B99C26C3-6B75-4BE8-A2BD-3A33F59741D0}.Debug|Any CPU.ActiveCfg = Debug|Any CPU
		{B99C26C3-6B75-4BE8-A2BD-3A33F59741D0}.Debug|Any CPU.Build.0 = Debug|Any CPU
		{B99C26C3-6B75-4BE8-A2BD-3A33F59741D0}.Release|Any CPU.ActiveCfg = Release|Any CPU
		{B99C26C3-6B75-4BE8-A2BD-3A33F59741D0}.Release|Any CPU.Build.0 = Release|Any CPU
	EndGlobalSection
	GlobalSection(SolutionProperties) = preSolution
		HideSolutionNode = FALSE
	EndGlobalSection
	GlobalSection(ExtensibilityGlobals) = postSolution
		SolutionGuid = {BA3F2634-3E21-46AC-8AF6-3B7989702407}
	EndGlobalSection
EndGlobal
